
Microsoft Visual Studio Solution File, Format Version 12.00
# Visual Studio Version 17
VisualStudioVersion = 17.0.31314.256
MinimumVisualStudioVersion = 10.0.40219.1
Project("{2150E333-8FDC-42A3-9474-1A3956D46DE8}") = "Automation", "Automation", "{0BFBE63A-B98A-3411-8EEB-8918FEC737B3}"
EndProject
Project("{2150E333-8FDC-42A3-9474-1A3956D46DE8}") = "Engine", "Engine", "{233774A8-CC9D-3FA9-86D1-90573E92B704}"
EndProject
Project("{2150E333-8FDC-42A3-9474-1A3956D46DE8}") = "Games", "Games", "{DE1F8B53-6C02-3C13-9101-A7C8D96F3FF6}"
EndProject
Project("{2150E333-8FDC-42A3-9474-1A3956D46DE8}") = "Programs", "Programs", "{A338B9E2-A559-34BE-A46D-F789DD488FAD}"
EndProject
Project("{2150E333-8FDC-42A3-9474-1A3956D46DE8}") = "Rules", "Rules", "{C2F57ECE-B26F-39D8-BDA7-C1D40BD8F180}"
EndProject
Project("{2150E333-8FDC-42A3-9474-1A3956D46DE8}") = "Shared", "Shared", "{57713676-9DBE-331C-AD10-26632AC9EE0C}"
EndProject
Project("{2150E333-8FDC-42A3-9474-1A3956D46DE8}") = "UnrealBuildTool.Plugins", "UnrealBuildTool.Plugins", "{7B5CFB44-F0FB-31DF-AE62-C3C096A29A7B}"
EndProject
Project("{8BC9CEB8-8B4A-11D0-8D11-00A0C91BC942}") = "UE5", "Intermediate\ProjectFiles\UE5.vcxproj", "{CD41A781-68D2-3C12-A502-025F7EBD0338}"
EndProject
Project("{8BC9CEB8-8B4A-11D0-8D11-00A0C91BC942}") = "MyProject", "Intermediate\ProjectFiles\MyProject.vcxproj", "{647BD9F3-5001-31CF-AD85-2C50A31A745B}"
	ProjectSection(ProjectDependencies) = postProject
		{C887AE02-9419-3204-9E34-A39D1CB33835} = {C887AE02-9419-3204-9E34-A39D1CB33835}
	EndProjectSection
EndProject
Project("{FAE04EC0-301F-11D3-BF4B-00C04F79EFBC}") = "UnrealBuildTool", "..\..\..\Epic Games\UE_5.3\Engine\Source\Programs\UnrealBuildTool\UnrealBuildTool.csproj", "{C887AE02-9419-3204-9E34-A39D1CB33835}"
EndProject
Project("{FAE04EC0-301F-11D3-BF4B-00C04F79EFBC}") = "AutomationTool", "..\..\..\Epic Games\UE_5.3\Engine\Source\Programs\AutomationTool\AutomationTool.csproj", "{489A30B2-6799-3398-9751-DE8168677458}"
EndProject
Project("{FAE04EC0-301F-11D3-BF4B-00C04F79EFBC}") = "Android.Automation", "..\..\..\Epic Games\UE_5.3\Engine\Source\Programs\AutomationTool\Android\Android.Automation.csproj", "{23840F3D-EB41-3FA7-AD09-D756B8749E76}"
EndProject
Project("{FAE04EC0-301F-11D3-BF4B-00C04F79EFBC}") = "Apple.Automation", "..\..\..\Epic Games\UE_5.3\Engine\Source\Programs\AutomationTool\Apple\Apple.Automation.csproj", "{BE6BBB29-A0D3-33D3-92D0-2D5360128067}"
EndProject
Project("{FAE04EC0-301F-11D3-BF4B-00C04F79EFBC}") = "AutomationUtils.Automation", "..\..\..\Epic Games\UE_5.3\Engine\Source\Programs\AutomationTool\AutomationUtils\AutomationUtils.Automation.csproj", "{6EA0509E-51FC-39E9-A718-D839C5D46DDB}"
EndProject
Project("{FAE04EC0-301F-11D3-BF4B-00C04F79EFBC}") = "BuildGraph.Automation", "..\..\..\Epic Games\UE_5.3\Engine\Source\Programs\AutomationTool\BuildGraph\BuildGraph.Automation.csproj", "{7A036C4B-C253-3D19-98E3-B5655C3CC6F9}"
EndProject
Project("{FAE04EC0-301F-11D3-BF4B-00C04F79EFBC}") = "CookedEditor.Automation", "..\..\..\Epic Games\UE_5.3\Engine\Source\Programs\AutomationTool\CookedEditor\CookedEditor.Automation.csproj", "{C5D35660-C8FC-3155-B8B0-F4038943BB37}"
EndProject
Project("{FAE04EC0-301F-11D3-BF4B-00C04F79EFBC}") = "CrowdinLocalization.Automation", "..\..\..\Epic Games\UE_5.3\Engine\Source\Programs\AutomationTool\CrowdinLocalization\CrowdinLocalization.Automation.csproj", "{8A8FD5E5-6415-3B0E-993D-5D90353495D3}"
EndProject
Project("{FAE04EC0-301F-11D3-BF4B-00C04F79EFBC}") = "Gauntlet.Automation", "..\..\..\Epic Games\UE_5.3\Engine\Source\Programs\AutomationTool\Gauntlet\Gauntlet.Automation.csproj", "{29AAEA50-9CBE-355F-8F0B-4D39B6044565}"
EndProject
Project("{FAE04EC0-301F-11D3-BF4B-00C04F79EFBC}") = "IOS.Automation", "..\..\..\Epic Games\UE_5.3\Engine\Source\Programs\AutomationTool\IOS\IOS.Automation.csproj", "{3ACF9AEF-806E-3DF0-893F-A50DFE4E650C}"
EndProject
Project("{FAE04EC0-301F-11D3-BF4B-00C04F79EFBC}") = "Linux.Automation", "..\..\..\Epic Games\UE_5.3\Engine\Source\Programs\AutomationTool\Linux\Linux.Automation.csproj", "{46BAB084-0AD4-3843-A0FB-AF64D864D52F}"
EndProject
Project("{FAE04EC0-301F-11D3-BF4B-00C04F79EFBC}") = "Localization.Automation", "..\..\..\Epic Games\UE_5.3\Engine\Source\Programs\AutomationTool\Localization\Localization.Automation.csproj", "{A3997BC2-D656-3496-86A8-675655A00974}"
EndProject
Project("{FAE04EC0-301F-11D3-BF4B-00C04F79EFBC}") = "LowLevelTests.Automation", "..\..\..\Epic Games\UE_5.3\Engine\Source\Programs\AutomationTool\LowLevelTests\LowLevelTests.Automation.csproj", "{93700920-D2A9-3F4A-94FC-7AB228B93EFF}"
EndProject
Project("{FAE04EC0-301F-11D3-BF4B-00C04F79EFBC}") = "Mac.Automation", "..\..\..\Epic Games\UE_5.3\Engine\Source\Programs\AutomationTool\Mac\Mac.Automation.csproj", "{A91E7737-E067-3348-BE4B-3B124D82BE61}"
EndProject
Project("{FAE04EC0-301F-11D3-BF4B-00C04F79EFBC}") = "OneSkyLocalization.Automation", "..\..\..\Epic Games\UE_5.3\Engine\Source\Programs\AutomationTool\OneSkyLocalization\OneSkyLocalization.Automation.csproj", "{3933DC33-F9DB-33E1-9607-8435D49A82A5}"
EndProject
Project("{FAE04EC0-301F-11D3-BF4B-00C04F79EFBC}") = "AutomationScripts.Automation", "..\..\..\Epic Games\UE_5.3\Engine\Source\Programs\AutomationTool\Scripts\AutomationScripts.Automation.csproj", "{DE789F61-E544-3BAF-B807-B0DC9E1E85FD}"
EndProject
Project("{FAE04EC0-301F-11D3-BF4B-00C04F79EFBC}") = "SmartlingLocalization.Automation", "..\..\..\Epic Games\UE_5.3\Engine\Source\Programs\AutomationTool\SmartlingLocalization\SmartlingLocalization.Automation.csproj", "{E4A6119E-165C-3BAE-9ECD-30D74FCD9A2C}"
EndProject
Project("{FAE04EC0-301F-11D3-BF4B-00C04F79EFBC}") = "SteamDeck.Automation", "..\..\..\Epic Games\UE_5.3\Engine\Source\Programs\AutomationTool\SteamDeck\SteamDeck.Automation.csproj", "{9F6E2A28-5602-3C82-BBED-191D47781FA5}"
EndProject
Project("{FAE04EC0-301F-11D3-BF4B-00C04F79EFBC}") = "TVOS.Automation", "..\..\..\Epic Games\UE_5.3\Engine\Source\Programs\AutomationTool\TVOS\TVOS.Automation.csproj", "{3646FF2D-4790-3AE7-86BB-921872E3C364}"
EndProject
Project("{FAE04EC0-301F-11D3-BF4B-00C04F79EFBC}") = "Turnkey.Automation", "..\..\..\Epic Games\UE_5.3\Engine\Source\Programs\AutomationTool\Turnkey\Turnkey.Automation.csproj", "{3829E674-6F80-3797-A4A8-2B35BEE859D5}"
EndProject
Project("{FAE04EC0-301F-11D3-BF4B-00C04F79EFBC}") = "Win.Automation", "..\..\..\Epic Games\UE_5.3\Engine\Source\Programs\AutomationTool\Win\Win.Automation.csproj", "{3A0DDA25-A284-3FD9-AA96-49DD2C35099F}"
EndProject
Project("{FAE04EC0-301F-11D3-BF4B-00C04F79EFBC}") = "XLocLocalization.Automation", "..\..\..\Epic Games\UE_5.3\Engine\Source\Programs\AutomationTool\XLocLocalization\XLocLocalization.Automation.csproj", "{3BCF55B1-ADE6-3143-9DFC-B4F501FD8C46}"
EndProject
Project("{FAE04EC0-301F-11D3-BF4B-00C04F79EFBC}") = "ScriptGeneratorUbtPlugin.ubtplugin", "..\..\..\Epic Games\UE_5.3\Engine\Plugins\ScriptPlugin\Source\ScriptGeneratorUbtPlugin\ScriptGeneratorUbtPlugin.ubtplugin.csproj", "{956ADEF9-95A0-34EE-9D81-DB05A3C3CA0E}"
EndProject
Project("{FAE04EC0-301F-11D3-BF4B-00C04F79EFBC}") = "EpicGames.AspNet", "..\..\..\Epic Games\UE_5.3\Engine\Source\Programs\Shared\EpicGames.AspNet\EpicGames.AspNet.csproj", "{A7B41E92-56B7-3211-92B0-FC5B7A790CC6}"
EndProject
Project("{FAE04EC0-301F-11D3-BF4B-00C04F79EFBC}") = "EpicGames.Box", "..\..\..\Epic Games\UE_5.3\Engine\Source\Programs\Shared\EpicGames.Box\EpicGames.Box.csproj", "{7695FB4E-9985-33A6-9EB8-0868E37F486B}"
EndProject
Project("{FAE04EC0-301F-11D3-BF4B-00C04F79EFBC}") = "EpicGames.Build", "..\..\..\Epic Games\UE_5.3\Engine\Source\Programs\Shared\EpicGames.Build\EpicGames.Build.csproj", "{220896D0-FA77-3C6D-8B45-67DF6E6E6242}"
EndProject
Project("{FAE04EC0-301F-11D3-BF4B-00C04F79EFBC}") = "EpicGames.BuildGraph", "..\..\..\Epic Games\UE_5.3\Engine\Source\Programs\Shared\EpicGames.BuildGraph\EpicGames.BuildGraph.csproj", "{88AE2D70-215D-3CCD-8C73-4820014E48AF}"
EndProject
Project("{FAE04EC0-301F-11D3-BF4B-00C04F79EFBC}") = "EpicGames.Core", "..\..\..\Epic Games\UE_5.3\Engine\Source\Programs\Shared\EpicGames.Core\EpicGames.Core.csproj", "{70E12B14-26E6-364D-AAB5-DC637C72349C}"
EndProject
Project("{FAE04EC0-301F-11D3-BF4B-00C04F79EFBC}") = "EpicGames.Horde", "..\..\..\Epic Games\UE_5.3\Engine\Source\Programs\Shared\EpicGames.Horde\EpicGames.Horde.csproj", "{01AB8150-3707-3315-AD66-24EF6579B5C4}"
EndProject
Project("{FAE04EC0-301F-11D3-BF4B-00C04F79EFBC}") = "EpicGames.IoHash", "..\..\..\Epic Games\UE_5.3\Engine\Source\Programs\Shared\EpicGames.IoHash\EpicGames.IoHash.csproj", "{A6B3018A-531C-3F03-9456-33EC5DA48159}"
EndProject
Project("{FAE04EC0-301F-11D3-BF4B-00C04F79EFBC}") = "EpicGames.Jupiter", "..\..\..\Epic Games\UE_5.3\Engine\Source\Programs\Shared\EpicGames.Jupiter\EpicGames.Jupiter.csproj", "{AC2CD365-DF23-362E-929B-E87A4ED51B5E}"
EndProject
Project("{FAE04EC0-301F-11D3-BF4B-00C04F79EFBC}") = "EpicGames.MongoDB", "..\..\..\Epic Games\UE_5.3\Engine\Source\Programs\Shared\EpicGames.MongoDB\EpicGames.MongoDB.csproj", "{2221F1B6-F9A2-3DD2-817B-3A950B451AC1}"
EndProject
Project("{FAE04EC0-301F-11D3-BF4B-00C04F79EFBC}") = "EpicGames.MsBuild", "..\..\..\Epic Games\UE_5.3\Engine\Source\Programs\Shared\EpicGames.MsBuild\EpicGames.MsBuild.csproj", "{1E869420-F1DC-3FC4-95C3-B336FC2E4AE9}"
EndProject
Project("{FAE04EC0-301F-11D3-BF4B-00C04F79EFBC}") = "EpicGames.OIDC", "..\..\..\Epic Games\UE_5.3\Engine\Source\Programs\Shared\EpicGames.OIDC\EpicGames.OIDC.csproj", "{CC830B22-1398-3295-A04C-28704234457C}"
EndProject
Project("{FAE04EC0-301F-11D3-BF4B-00C04F79EFBC}") = "EpicGames.Oodle", "..\..\..\Epic Games\UE_5.3\Engine\Source\Programs\Shared\EpicGames.Oodle\EpicGames.Oodle.csproj", "{958C8EAF-52CB-3F22-83FF-71735F72F902}"
EndProject
Project("{FAE04EC0-301F-11D3-BF4B-00C04F79EFBC}") = "EpicGames.Perforce", "..\..\..\Epic Games\UE_5.3\Engine\Source\Programs\Shared\EpicGames.Perforce\EpicGames.Perforce.csproj", "{D13A60BD-AA28-37C7-AEBE-F31C0141A9B4}"
EndProject
Project("{FAE04EC0-301F-11D3-BF4B-00C04F79EFBC}") = "EpicGames.Perforce.Fixture", "..\..\..\Epic Games\UE_5.3\Engine\Source\Programs\Shared\EpicGames.Perforce.Fixture\EpicGames.Perforce.Fixture.csproj", "{93985162-C9FA-3DE1-9E4C-AB475BEF1F8A}"
EndProject
Project("{FAE04EC0-301F-11D3-BF4B-00C04F79EFBC}") = "EpicGames.Perforce.Managed", "..\..\..\Epic Games\UE_5.3\Engine\Source\Programs\Shared\EpicGames.Perforce.Managed\EpicGames.Perforce.Managed.csproj", "{BDAF3A82-82EC-3EE3-9196-CEE8077CE00E}"
EndProject
Project("{FAE04EC0-301F-11D3-BF4B-00C04F79EFBC}") = "EpicGames.Redis", "..\..\..\Epic Games\UE_5.3\Engine\Source\Programs\Shared\EpicGames.Redis\EpicGames.Redis.csproj", "{12AAA9D9-BCEC-32F2-B6FA-847E2BAB8609}"
EndProject
Project("{FAE04EC0-301F-11D3-BF4B-00C04F79EFBC}") = "EpicGames.Serialization", "..\..\..\Epic Games\UE_5.3\Engine\Source\Programs\Shared\EpicGames.Serialization\EpicGames.Serialization.csproj", "{E7C354DB-6FA1-3A31-8D71-A14D2906FBF7}"
EndProject
Project("{FAE04EC0-301F-11D3-BF4B-00C04F79EFBC}") = "EpicGames.Slack", "..\..\..\Epic Games\UE_5.3\Engine\Source\Programs\Shared\EpicGames.Slack\EpicGames.Slack.csproj", "{B73AB6CA-BDDB-3936-B94E-197F43CE03B0}"
EndProject
Project("{FAE04EC0-301F-11D3-BF4B-00C04F79EFBC}") = "EpicGames.Tracing", "..\..\..\Epic Games\UE_5.3\Engine\Source\Programs\Shared\EpicGames.Tracing\EpicGames.Tracing.csproj", "{D8B90000-BC53-3D2D-856F-3F2F9972AAFA}"
EndProject
Project("{FAE04EC0-301F-11D3-BF4B-00C04F79EFBC}") = "EpicGames.UHT", "..\..\..\Epic Games\UE_5.3\Engine\Source\Programs\Shared\EpicGames.UHT\EpicGames.UHT.csproj", "{965701EF-81C4-3D77-B578-6419AADFCDA4}"
EndProject
Project("{FAE04EC0-301F-11D3-BF4B-00C04F79EFBC}") = "MarketplaceRules", "..\..\..\Epic Games\UE_5.3\Engine\Intermediate\Build\BuildRulesProjects\MarketplaceRules\MarketplaceRules.csproj", "{0372A383-78C7-367F-B12D-F2E0790567B2}"
EndProject
Project("{FAE04EC0-301F-11D3-BF4B-00C04F79EFBC}") = "UE5ProgramRules", "..\..\..\Epic Games\UE_5.3\Engine\Intermediate\Build\BuildRulesProjects\UE5ProgramRules\UE5ProgramRules.csproj", "{06C308F3-9901-3B7E-AFA5-F1EDE7ABE288}"
EndProject
Project("{FAE04EC0-301F-11D3-BF4B-00C04F79EFBC}") = "UE5Rules", "..\..\..\Epic Games\UE_5.3\Engine\Intermediate\Build\BuildRulesProjects\UE5Rules\UE5Rules.csproj", "{A1CCE68F-95D5-3E73-9903-62FBE0899CBF}"
EndProject
Project("{FAE04EC0-301F-11D3-BF4B-00C04F79EFBC}") = "MyProjectModuleRules", "Intermediate\Build\BuildRulesProjects\MyProjectModuleRules\MyProjectModuleRules.csproj", "{EF9D1F5C-FB5D-3A0A-9404-8B9C107183F7}"
EndProject
Project("{2150E333-8FDC-42A3-9474-1A3956D46DE8}") = "Visualizers", "Visualizers", "{1CCEC849-CC72-4C59-8C36-2F7C38706D4C}"
	ProjectSection(SolutionItems) = preProject
		..\..\..\Epic Games\UE_5.3\Engine\Extras\VisualStudioDebugging\Unreal.natvis = ..\..\..\Epic Games\UE_5.3\Engine\Extras\VisualStudioDebugging\Unreal.natvis
		..\..\..\Epic Games\UE_5.3\Engine\Extras\VisualStudioDebugging\Unreal.natstepfilter = ..\..\..\Epic Games\UE_5.3\Engine\Extras\VisualStudioDebugging\Unreal.natstepfilter
	EndProjectSection
EndProject
Global
	GlobalSection(SolutionConfigurationPlatforms) = preSolution
		DebugGame Editor|Win64 = DebugGame Editor|Win64
		DebugGame|Win64 = DebugGame|Win64
		Development Editor|Win64 = Development Editor|Win64
		Development|Win64 = Development|Win64
		Shipping|Win64 = Shipping|Win64
	EndGlobalSection
	# UnrealVS Section
	GlobalSection(ddbf523f-7eb6-4887-bd51-85a714ff87eb) = preSolution
		AvailablePlatforms=Win64
	EndGlobalSection
	GlobalSection(ProjectConfigurationPlatforms) = postSolution
		{CD41A781-68D2-3C12-A502-025F7EBD0338}.DebugGame Editor|Win64.ActiveCfg = BuiltWithUnrealBuildTool|Win64
		{CD41A781-68D2-3C12-A502-025F7EBD0338}.DebugGame|Win64.ActiveCfg = BuiltWithUnrealBuildTool|Win64
		{CD41A781-68D2-3C12-A502-025F7EBD0338}.Development Editor|Win64.ActiveCfg = BuiltWithUnrealBuildTool|Win64
		{CD41A781-68D2-3C12-A502-025F7EBD0338}.Development|Win64.ActiveCfg = BuiltWithUnrealBuildTool|Win64
		{CD41A781-68D2-3C12-A502-025F7EBD0338}.Shipping|Win64.ActiveCfg = BuiltWithUnrealBuildTool|Win64
		{647BD9F3-5001-31CF-AD85-2C50A31A745B}.DebugGame Editor|Win64.ActiveCfg = DebugGame_Editor|x64
		{647BD9F3-5001-31CF-AD85-2C50A31A745B}.DebugGame Editor|Win64.Build.0 = DebugGame_Editor|x64
		{647BD9F3-5001-31CF-AD85-2C50A31A745B}.DebugGame|Win64.ActiveCfg = DebugGame|x64
		{647BD9F3-5001-31CF-AD85-2C50A31A745B}.DebugGame|Win64.Build.0 = DebugGame|x64
		{647BD9F3-5001-31CF-AD85-2C50A31A745B}.Development Editor|Win64.ActiveCfg = Development_Editor|x64
		{647BD9F3-5001-31CF-AD85-2C50A31A745B}.Development Editor|Win64.Build.0 = Development_Editor|x64
		{647BD9F3-5001-31CF-AD85-2C50A31A745B}.Development|Win64.ActiveCfg = Development|x64
		{647BD9F3-5001-31CF-AD85-2C50A31A745B}.Development|Win64.Build.0 = Development|x64
		{647BD9F3-5001-31CF-AD85-2C50A31A745B}.Shipping|Win64.ActiveCfg = Shipping|x64
		{647BD9F3-5001-31CF-AD85-2C50A31A745B}.Shipping|Win64.Build.0 = Shipping|x64
		{C887AE02-9419-3204-9E34-A39D1CB33835}.DebugGame Editor|Win64.ActiveCfg = Development|Any CPU
		{C887AE02-9419-3204-9E34-A39D1CB33835}.DebugGame Editor|Win64.Build.0 = Development|Any CPU
		{C887AE02-9419-3204-9E34-A39D1CB33835}.DebugGame|Win64.ActiveCfg = Development|Any CPU
		{C887AE02-9419-3204-9E34-A39D1CB33835}.DebugGame|Win64.Build.0 = Development|Any CPU
		{C887AE02-9419-3204-9E34-A39D1CB33835}.Development Editor|Win64.ActiveCfg = Development|Any CPU
		{C887AE02-9419-3204-9E34-A39D1CB33835}.Development Editor|Win64.Build.0 = Development|Any CPU
		{C887AE02-9419-3204-9E34-A39D1CB33835}.Development|Win64.ActiveCfg = Development|Any CPU
		{C887AE02-9419-3204-9E34-A39D1CB33835}.Development|Win64.Build.0 = Development|Any CPU
		{C887AE02-9419-3204-9E34-A39D1CB33835}.Shipping|Win64.ActiveCfg = Development|Any CPU
		{C887AE02-9419-3204-9E34-A39D1CB33835}.Shipping|Win64.Build.0 = Development|Any CPU
		{489A30B2-6799-3398-9751-DE8168677458}.DebugGame Editor|Win64.ActiveCfg = Development|Any CPU
		{489A30B2-6799-3398-9751-DE8168677458}.DebugGame Editor|Win64.Build.0 = Development|Any CPU
		{489A30B2-6799-3398-9751-DE8168677458}.DebugGame|Win64.ActiveCfg = Development|Any CPU
		{489A30B2-6799-3398-9751-DE8168677458}.DebugGame|Win64.Build.0 = Development|Any CPU
		{489A30B2-6799-3398-9751-DE8168677458}.Development Editor|Win64.ActiveCfg = Development|Any CPU
		{489A30B2-6799-3398-9751-DE8168677458}.Development Editor|Win64.Build.0 = Development|Any CPU
		{489A30B2-6799-3398-9751-DE8168677458}.Development|Win64.ActiveCfg = Development|Any CPU
		{489A30B2-6799-3398-9751-DE8168677458}.Development|Win64.Build.0 = Development|Any CPU
		{489A30B2-6799-3398-9751-DE8168677458}.Shipping|Win64.ActiveCfg = Development|Any CPU
		{489A30B2-6799-3398-9751-DE8168677458}.Shipping|Win64.Build.0 = Development|Any CPU
		{23840F3D-EB41-3FA7-AD09-D756B8749E76}.DebugGame Editor|Win64.ActiveCfg = Development|Any CPU
		{23840F3D-EB41-3FA7-AD09-D756B8749E76}.DebugGame Editor|Win64.Build.0 = Development|Any CPU
		{23840F3D-EB41-3FA7-AD09-D756B8749E76}.DebugGame|Win64.ActiveCfg = Development|Any CPU
		{23840F3D-EB41-3FA7-AD09-D756B8749E76}.DebugGame|Win64.Build.0 = Development|Any CPU
		{23840F3D-EB41-3FA7-AD09-D756B8749E76}.Development Editor|Win64.ActiveCfg = Development|Any CPU
		{23840F3D-EB41-3FA7-AD09-D756B8749E76}.Development Editor|Win64.Build.0 = Development|Any CPU
		{23840F3D-EB41-3FA7-AD09-D756B8749E76}.Development|Win64.ActiveCfg = Development|Any CPU
		{23840F3D-EB41-3FA7-AD09-D756B8749E76}.Development|Win64.Build.0 = Development|Any CPU
		{23840F3D-EB41-3FA7-AD09-D756B8749E76}.Shipping|Win64.ActiveCfg = Development|Any CPU
		{23840F3D-EB41-3FA7-AD09-D756B8749E76}.Shipping|Win64.Build.0 = Development|Any CPU
		{BE6BBB29-A0D3-33D3-92D0-2D5360128067}.DebugGame Editor|Win64.ActiveCfg = Development|Any CPU
		{BE6BBB29-A0D3-33D3-92D0-2D5360128067}.DebugGame Editor|Win64.Build.0 = Development|Any CPU
		{BE6BBB29-A0D3-33D3-92D0-2D5360128067}.DebugGame|Win64.ActiveCfg = Development|Any CPU
		{BE6BBB29-A0D3-33D3-92D0-2D5360128067}.DebugGame|Win64.Build.0 = Development|Any CPU
		{BE6BBB29-A0D3-33D3-92D0-2D5360128067}.Development Editor|Win64.ActiveCfg = Development|Any CPU
		{BE6BBB29-A0D3-33D3-92D0-2D5360128067}.Development Editor|Win64.Build.0 = Development|Any CPU
		{BE6BBB29-A0D3-33D3-92D0-2D5360128067}.Development|Win64.ActiveCfg = Development|Any CPU
		{BE6BBB29-A0D3-33D3-92D0-2D5360128067}.Development|Win64.Build.0 = Development|Any CPU
		{BE6BBB29-A0D3-33D3-92D0-2D5360128067}.Shipping|Win64.ActiveCfg = Development|Any CPU
		{BE6BBB29-A0D3-33D3-92D0-2D5360128067}.Shipping|Win64.Build.0 = Development|Any CPU
		{6EA0509E-51FC-39E9-A718-D839C5D46DDB}.DebugGame Editor|Win64.ActiveCfg = Development|Any CPU
		{6EA0509E-51FC-39E9-A718-D839C5D46DDB}.DebugGame Editor|Win64.Build.0 = Development|Any CPU
		{6EA0509E-51FC-39E9-A718-D839C5D46DDB}.DebugGame|Win64.ActiveCfg = Development|Any CPU
		{6EA0509E-51FC-39E9-A718-D839C5D46DDB}.DebugGame|Win64.Build.0 = Development|Any CPU
		{6EA0509E-51FC-39E9-A718-D839C5D46DDB}.Development Editor|Win64.ActiveCfg = Development|Any CPU
		{6EA0509E-51FC-39E9-A718-D839C5D46DDB}.Development Editor|Win64.Build.0 = Development|Any CPU
		{6EA0509E-51FC-39E9-A718-D839C5D46DDB}.Development|Win64.ActiveCfg = Development|Any CPU
		{6EA0509E-51FC-39E9-A718-D839C5D46DDB}.Development|Win64.Build.0 = Development|Any CPU
		{6EA0509E-51FC-39E9-A718-D839C5D46DDB}.Shipping|Win64.ActiveCfg = Development|Any CPU
		{6EA0509E-51FC-39E9-A718-D839C5D46DDB}.Shipping|Win64.Build.0 = Development|Any CPU
		{7A036C4B-C253-3D19-98E3-B5655C3CC6F9}.DebugGame Editor|Win64.ActiveCfg = Development|Any CPU
		{7A036C4B-C253-3D19-98E3-B5655C3CC6F9}.DebugGame Editor|Win64.Build.0 = Development|Any CPU
		{7A036C4B-C253-3D19-98E3-B5655C3CC6F9}.DebugGame|Win64.ActiveCfg = Development|Any CPU
		{7A036C4B-C253-3D19-98E3-B5655C3CC6F9}.DebugGame|Win64.Build.0 = Development|Any CPU
		{7A036C4B-C253-3D19-98E3-B5655C3CC6F9}.Development Editor|Win64.ActiveCfg = Development|Any CPU
		{7A036C4B-C253-3D19-98E3-B5655C3CC6F9}.Development Editor|Win64.Build.0 = Development|Any CPU
		{7A036C4B-C253-3D19-98E3-B5655C3CC6F9}.Development|Win64.ActiveCfg = Development|Any CPU
		{7A036C4B-C253-3D19-98E3-B5655C3CC6F9}.Development|Win64.Build.0 = Development|Any CPU
		{7A036C4B-C253-3D19-98E3-B5655C3CC6F9}.Shipping|Win64.ActiveCfg = Development|Any CPU
		{7A036C4B-C253-3D19-98E3-B5655C3CC6F9}.Shipping|Win64.Build.0 = Development|Any CPU
		{C5D35660-C8FC-3155-B8B0-F4038943BB37}.DebugGame Editor|Win64.ActiveCfg = Development|Any CPU
		{C5D35660-C8FC-3155-B8B0-F4038943BB37}.DebugGame Editor|Win64.Build.0 = Development|Any CPU
		{C5D35660-C8FC-3155-B8B0-F4038943BB37}.DebugGame|Win64.ActiveCfg = Development|Any CPU
		{C5D35660-C8FC-3155-B8B0-F4038943BB37}.DebugGame|Win64.Build.0 = Development|Any CPU
		{C5D35660-C8FC-3155-B8B0-F4038943BB37}.Development Editor|Win64.ActiveCfg = Development|Any CPU
		{C5D35660-C8FC-3155-B8B0-F4038943BB37}.Development Editor|Win64.Build.0 = Development|Any CPU
		{C5D35660-C8FC-3155-B8B0-F4038943BB37}.Development|Win64.ActiveCfg = Development|Any CPU
		{C5D35660-C8FC-3155-B8B0-F4038943BB37}.Development|Win64.Build.0 = Development|Any CPU
		{C5D35660-C8FC-3155-B8B0-F4038943BB37}.Shipping|Win64.ActiveCfg = Development|Any CPU
		{C5D35660-C8FC-3155-B8B0-F4038943BB37}.Shipping|Win64.Build.0 = Development|Any CPU
		{8A8FD5E5-6415-3B0E-993D-5D90353495D3}.DebugGame Editor|Win64.ActiveCfg = Development|Any CPU
		{8A8FD5E5-6415-3B0E-993D-5D90353495D3}.DebugGame Editor|Win64.Build.0 = Development|Any CPU
		{8A8FD5E5-6415-3B0E-993D-5D90353495D3}.DebugGame|Win64.ActiveCfg = Development|Any CPU
		{8A8FD5E5-6415-3B0E-993D-5D90353495D3}.DebugGame|Win64.Build.0 = Development|Any CPU
		{8A8FD5E5-6415-3B0E-993D-5D90353495D3}.Development Editor|Win64.ActiveCfg = Development|Any CPU
		{8A8FD5E5-6415-3B0E-993D-5D90353495D3}.Development Editor|Win64.Build.0 = Development|Any CPU
		{8A8FD5E5-6415-3B0E-993D-5D90353495D3}.Development|Win64.ActiveCfg = Development|Any CPU
		{8A8FD5E5-6415-3B0E-993D-5D90353495D3}.Development|Win64.Build.0 = Development|Any CPU
		{8A8FD5E5-6415-3B0E-993D-5D90353495D3}.Shipping|Win64.ActiveCfg = Development|Any CPU
		{8A8FD5E5-6415-3B0E-993D-5D90353495D3}.Shipping|Win64.Build.0 = Development|Any CPU
		{29AAEA50-9CBE-355F-8F0B-4D39B6044565}.DebugGame Editor|Win64.ActiveCfg = Development|Any CPU
		{29AAEA50-9CBE-355F-8F0B-4D39B6044565}.DebugGame Editor|Win64.Build.0 = Development|Any CPU
		{29AAEA50-9CBE-355F-8F0B-4D39B6044565}.DebugGame|Win64.ActiveCfg = Development|Any CPU
		{29AAEA50-9CBE-355F-8F0B-4D39B6044565}.DebugGame|Win64.Build.0 = Development|Any CPU
		{29AAEA50-9CBE-355F-8F0B-4D39B6044565}.Development Editor|Win64.ActiveCfg = Development|Any CPU
		{29AAEA50-9CBE-355F-8F0B-4D39B6044565}.Development Editor|Win64.Build.0 = Development|Any CPU
		{29AAEA50-9CBE-355F-8F0B-4D39B6044565}.Development|Win64.ActiveCfg = Development|Any CPU
		{29AAEA50-9CBE-355F-8F0B-4D39B6044565}.Development|Win64.Build.0 = Development|Any CPU
		{29AAEA50-9CBE-355F-8F0B-4D39B6044565}.Shipping|Win64.ActiveCfg = Development|Any CPU
		{29AAEA50-9CBE-355F-8F0B-4D39B6044565}.Shipping|Win64.Build.0 = Development|Any CPU
		{3ACF9AEF-806E-3DF0-893F-A50DFE4E650C}.DebugGame Editor|Win64.ActiveCfg = Development|Any CPU
		{3ACF9AEF-806E-3DF0-893F-A50DFE4E650C}.DebugGame Editor|Win64.Build.0 = Development|Any CPU
		{3ACF9AEF-806E-3DF0-893F-A50DFE4E650C}.DebugGame|Win64.ActiveCfg = Development|Any CPU
		{3ACF9AEF-806E-3DF0-893F-A50DFE4E650C}.DebugGame|Win64.Build.0 = Development|Any CPU
		{3ACF9AEF-806E-3DF0-893F-A50DFE4E650C}.Development Editor|Win64.ActiveCfg = Development|Any CPU
		{3ACF9AEF-806E-3DF0-893F-A50DFE4E650C}.Development Editor|Win64.Build.0 = Development|Any CPU
		{3ACF9AEF-806E-3DF0-893F-A50DFE4E650C}.Development|Win64.ActiveCfg = Development|Any CPU
		{3ACF9AEF-806E-3DF0-893F-A50DFE4E650C}.Development|Win64.Build.0 = Development|Any CPU
		{3ACF9AEF-806E-3DF0-893F-A50DFE4E650C}.Shipping|Win64.ActiveCfg = Development|Any CPU
		{3ACF9AEF-806E-3DF0-893F-A50DFE4E650C}.Shipping|Win64.Build.0 = Development|Any CPU
		{46BAB084-0AD4-3843-A0FB-AF64D864D52F}.DebugGame Editor|Win64.ActiveCfg = Development|Any CPU
		{46BAB084-0AD4-3843-A0FB-AF64D864D52F}.DebugGame Editor|Win64.Build.0 = Development|Any CPU
		{46BAB084-0AD4-3843-A0FB-AF64D864D52F}.DebugGame|Win64.ActiveCfg = Development|Any CPU
		{46BAB084-0AD4-3843-A0FB-AF64D864D52F}.DebugGame|Win64.Build.0 = Development|Any CPU
		{46BAB084-0AD4-3843-A0FB-AF64D864D52F}.Development Editor|Win64.ActiveCfg = Development|Any CPU
		{46BAB084-0AD4-3843-A0FB-AF64D864D52F}.Development Editor|Win64.Build.0 = Development|Any CPU
		{46BAB084-0AD4-3843-A0FB-AF64D864D52F}.Development|Win64.ActiveCfg = Development|Any CPU
		{46BAB084-0AD4-3843-A0FB-AF64D864D52F}.Development|Win64.Build.0 = Development|Any CPU
		{46BAB084-0AD4-3843-A0FB-AF64D864D52F}.Shipping|Win64.ActiveCfg = Development|Any CPU
		{46BAB084-0AD4-3843-A0FB-AF64D864D52F}.Shipping|Win64.Build.0 = Development|Any CPU
		{A3997BC2-D656-3496-86A8-675655A00974}.DebugGame Editor|Win64.ActiveCfg = Development|Any CPU
		{A3997BC2-D656-3496-86A8-675655A00974}.DebugGame Editor|Win64.Build.0 = Development|Any CPU
		{A3997BC2-D656-3496-86A8-675655A00974}.DebugGame|Win64.ActiveCfg = Development|Any CPU
		{A3997BC2-D656-3496-86A8-675655A00974}.DebugGame|Win64.Build.0 = Development|Any CPU
		{A3997BC2-D656-3496-86A8-675655A00974}.Development Editor|Win64.ActiveCfg = Development|Any CPU
		{A3997BC2-D656-3496-86A8-675655A00974}.Development Editor|Win64.Build.0 = Development|Any CPU
		{A3997BC2-D656-3496-86A8-675655A00974}.Development|Win64.ActiveCfg = Development|Any CPU
		{A3997BC2-D656-3496-86A8-675655A00974}.Development|Win64.Build.0 = Development|Any CPU
		{A3997BC2-D656-3496-86A8-675655A00974}.Shipping|Win64.ActiveCfg = Development|Any CPU
		{A3997BC2-D656-3496-86A8-675655A00974}.Shipping|Win64.Build.0 = Development|Any CPU
		{93700920-D2A9-3F4A-94FC-7AB228B93EFF}.DebugGame Editor|Win64.ActiveCfg = Development|Any CPU
		{93700920-D2A9-3F4A-94FC-7AB228B93EFF}.DebugGame Editor|Win64.Build.0 = Development|Any CPU
		{93700920-D2A9-3F4A-94FC-7AB228B93EFF}.DebugGame|Win64.ActiveCfg = Development|Any CPU
		{93700920-D2A9-3F4A-94FC-7AB228B93EFF}.DebugGame|Win64.Build.0 = Development|Any CPU
		{93700920-D2A9-3F4A-94FC-7AB228B93EFF}.Development Editor|Win64.ActiveCfg = Development|Any CPU
		{93700920-D2A9-3F4A-94FC-7AB228B93EFF}.Development Editor|Win64.Build.0 = Development|Any CPU
		{93700920-D2A9-3F4A-94FC-7AB228B93EFF}.Development|Win64.ActiveCfg = Development|Any CPU
		{93700920-D2A9-3F4A-94FC-7AB228B93EFF}.Development|Win64.Build.0 = Development|Any CPU
		{93700920-D2A9-3F4A-94FC-7AB228B93EFF}.Shipping|Win64.ActiveCfg = Development|Any CPU
		{93700920-D2A9-3F4A-94FC-7AB228B93EFF}.Shipping|Win64.Build.0 = Development|Any CPU
		{A91E7737-E067-3348-BE4B-3B124D82BE61}.DebugGame Editor|Win64.ActiveCfg = Development|Any CPU
		{A91E7737-E067-3348-BE4B-3B124D82BE61}.DebugGame Editor|Win64.Build.0 = Development|Any CPU
		{A91E7737-E067-3348-BE4B-3B124D82BE61}.DebugGame|Win64.ActiveCfg = Development|Any CPU
		{A91E7737-E067-3348-BE4B-3B124D82BE61}.DebugGame|Win64.Build.0 = Development|Any CPU
		{A91E7737-E067-3348-BE4B-3B124D82BE61}.Development Editor|Win64.ActiveCfg = Development|Any CPU
		{A91E7737-E067-3348-BE4B-3B124D82BE61}.Development Editor|Win64.Build.0 = Development|Any CPU
		{A91E7737-E067-3348-BE4B-3B124D82BE61}.Development|Win64.ActiveCfg = Development|Any CPU
		{A91E7737-E067-3348-BE4B-3B124D82BE61}.Development|Win64.Build.0 = Development|Any CPU
		{A91E7737-E067-3348-BE4B-3B124D82BE61}.Shipping|Win64.ActiveCfg = Development|Any CPU
		{A91E7737-E067-3348-BE4B-3B124D82BE61}.Shipping|Win64.Build.0 = Development|Any CPU
		{3933DC33-F9DB-33E1-9607-8435D49A82A5}.DebugGame Editor|Win64.ActiveCfg = Development|Any CPU
		{3933DC33-F9DB-33E1-9607-8435D49A82A5}.DebugGame Editor|Win64.Build.0 = Development|Any CPU
		{3933DC33-F9DB-33E1-9607-8435D49A82A5}.DebugGame|Win64.ActiveCfg = Development|Any CPU
		{3933DC33-F9DB-33E1-9607-8435D49A82A5}.DebugGame|Win64.Build.0 = Development|Any CPU
		{3933DC33-F9DB-33E1-9607-8435D49A82A5}.Development Editor|Win64.ActiveCfg = Development|Any CPU
		{3933DC33-F9DB-33E1-9607-8435D49A82A5}.Development Editor|Win64.Build.0 = Development|Any CPU
		{3933DC33-F9DB-33E1-9607-8435D49A82A5}.Development|Win64.ActiveCfg = Development|Any CPU
		{3933DC33-F9DB-33E1-9607-8435D49A82A5}.Development|Win64.Build.0 = Development|Any CPU
		{3933DC33-F9DB-33E1-9607-8435D49A82A5}.Shipping|Win64.ActiveCfg = Development|Any CPU
		{3933DC33-F9DB-33E1-9607-8435D49A82A5}.Shipping|Win64.Build.0 = Development|Any CPU
		{DE789F61-E544-3BAF-B807-B0DC9E1E85FD}.DebugGame Editor|Win64.ActiveCfg = Development|Any CPU
		{DE789F61-E544-3BAF-B807-B0DC9E1E85FD}.DebugGame Editor|Win64.Build.0 = Development|Any CPU
		{DE789F61-E544-3BAF-B807-B0DC9E1E85FD}.DebugGame|Win64.ActiveCfg = Development|Any CPU
		{DE789F61-E544-3BAF-B807-B0DC9E1E85FD}.DebugGame|Win64.Build.0 = Development|Any CPU
		{DE789F61-E544-3BAF-B807-B0DC9E1E85FD}.Development Editor|Win64.ActiveCfg = Development|Any CPU
		{DE789F61-E544-3BAF-B807-B0DC9E1E85FD}.Development Editor|Win64.Build.0 = Development|Any CPU
		{DE789F61-E544-3BAF-B807-B0DC9E1E85FD}.Development|Win64.ActiveCfg = Development|Any CPU
		{DE789F61-E544-3BAF-B807-B0DC9E1E85FD}.Development|Win64.Build.0 = Development|Any CPU
		{DE789F61-E544-3BAF-B807-B0DC9E1E85FD}.Shipping|Win64.ActiveCfg = Development|Any CPU
		{DE789F61-E544-3BAF-B807-B0DC9E1E85FD}.Shipping|Win64.Build.0 = Development|Any CPU
		{E4A6119E-165C-3BAE-9ECD-30D74FCD9A2C}.DebugGame Editor|Win64.ActiveCfg = Development|Any CPU
		{E4A6119E-165C-3BAE-9ECD-30D74FCD9A2C}.DebugGame Editor|Win64.Build.0 = Development|Any CPU
		{E4A6119E-165C-3BAE-9ECD-30D74FCD9A2C}.DebugGame|Win64.ActiveCfg = Development|Any CPU
		{E4A6119E-165C-3BAE-9ECD-30D74FCD9A2C}.DebugGame|Win64.Build.0 = Development|Any CPU
		{E4A6119E-165C-3BAE-9ECD-30D74FCD9A2C}.Development Editor|Win64.ActiveCfg = Development|Any CPU
		{E4A6119E-165C-3BAE-9ECD-30D74FCD9A2C}.Development Editor|Win64.Build.0 = Development|Any CPU
		{E4A6119E-165C-3BAE-9ECD-30D74FCD9A2C}.Development|Win64.ActiveCfg = Development|Any CPU
		{E4A6119E-165C-3BAE-9ECD-30D74FCD9A2C}.Development|Win64.Build.0 = Development|Any CPU
		{E4A6119E-165C-3BAE-9ECD-30D74FCD9A2C}.Shipping|Win64.ActiveCfg = Development|Any CPU
		{E4A6119E-165C-3BAE-9ECD-30D74FCD9A2C}.Shipping|Win64.Build.0 = Development|Any CPU
		{9F6E2A28-5602-3C82-BBED-191D47781FA5}.DebugGame Editor|Win64.ActiveCfg = Development|Any CPU
		{9F6E2A28-5602-3C82-BBED-191D47781FA5}.DebugGame Editor|Win64.Build.0 = Development|Any CPU
		{9F6E2A28-5602-3C82-BBED-191D47781FA5}.DebugGame|Win64.ActiveCfg = Development|Any CPU
		{9F6E2A28-5602-3C82-BBED-191D47781FA5}.DebugGame|Win64.Build.0 = Development|Any CPU
		{9F6E2A28-5602-3C82-BBED-191D47781FA5}.Development Editor|Win64.ActiveCfg = Development|Any CPU
		{9F6E2A28-5602-3C82-BBED-191D47781FA5}.Development Editor|Win64.Build.0 = Development|Any CPU
		{9F6E2A28-5602-3C82-BBED-191D47781FA5}.Development|Win64.ActiveCfg = Development|Any CPU
		{9F6E2A28-5602-3C82-BBED-191D47781FA5}.Development|Win64.Build.0 = Development|Any CPU
		{9F6E2A28-5602-3C82-BBED-191D47781FA5}.Shipping|Win64.ActiveCfg = Development|Any CPU
		{9F6E2A28-5602-3C82-BBED-191D47781FA5}.Shipping|Win64.Build.0 = Development|Any CPU
		{3646FF2D-4790-3AE7-86BB-921872E3C364}.DebugGame Editor|Win64.ActiveCfg = Development|Any CPU
		{3646FF2D-4790-3AE7-86BB-921872E3C364}.DebugGame Editor|Win64.Build.0 = Development|Any CPU
		{3646FF2D-4790-3AE7-86BB-921872E3C364}.DebugGame|Win64.ActiveCfg = Development|Any CPU
		{3646FF2D-4790-3AE7-86BB-921872E3C364}.DebugGame|Win64.Build.0 = Development|Any CPU
		{3646FF2D-4790-3AE7-86BB-921872E3C364}.Development Editor|Win64.ActiveCfg = Development|Any CPU
		{3646FF2D-4790-3AE7-86BB-921872E3C364}.Development Editor|Win64.Build.0 = Development|Any CPU
		{3646FF2D-4790-3AE7-86BB-921872E3C364}.Development|Win64.ActiveCfg = Development|Any CPU
		{3646FF2D-4790-3AE7-86BB-921872E3C364}.Development|Win64.Build.0 = Development|Any CPU
		{3646FF2D-4790-3AE7-86BB-921872E3C364}.Shipping|Win64.ActiveCfg = Development|Any CPU
		{3646FF2D-4790-3AE7-86BB-921872E3C364}.Shipping|Win64.Build.0 = Development|Any CPU
		{3829E674-6F80-3797-A4A8-2B35BEE859D5}.DebugGame Editor|Win64.ActiveCfg = Development|Any CPU
		{3829E674-6F80-3797-A4A8-2B35BEE859D5}.DebugGame Editor|Win64.Build.0 = Development|Any CPU
		{3829E674-6F80-3797-A4A8-2B35BEE859D5}.DebugGame|Win64.ActiveCfg = Development|Any CPU
		{3829E674-6F80-3797-A4A8-2B35BEE859D5}.DebugGame|Win64.Build.0 = Development|Any CPU
		{3829E674-6F80-3797-A4A8-2B35BEE859D5}.Development Editor|Win64.ActiveCfg = Development|Any CPU
		{3829E674-6F80-3797-A4A8-2B35BEE859D5}.Development Editor|Win64.Build.0 = Development|Any CPU
		{3829E674-6F80-3797-A4A8-2B35BEE859D5}.Development|Win64.ActiveCfg = Development|Any CPU
		{3829E674-6F80-3797-A4A8-2B35BEE859D5}.Development|Win64.Build.0 = Development|Any CPU
		{3829E674-6F80-3797-A4A8-2B35BEE859D5}.Shipping|Win64.ActiveCfg = Development|Any CPU
		{3829E674-6F80-3797-A4A8-2B35BEE859D5}.Shipping|Win64.Build.0 = Development|Any CPU
		{3A0DDA25-A284-3FD9-AA96-49DD2C35099F}.DebugGame Editor|Win64.ActiveCfg = Development|Any CPU
		{3A0DDA25-A284-3FD9-AA96-49DD2C35099F}.DebugGame Editor|Win64.Build.0 = Development|Any CPU
		{3A0DDA25-A284-3FD9-AA96-49DD2C35099F}.DebugGame|Win64.ActiveCfg = Development|Any CPU
		{3A0DDA25-A284-3FD9-AA96-49DD2C35099F}.DebugGame|Win64.Build.0 = Development|Any CPU
		{3A0DDA25-A284-3FD9-AA96-49DD2C35099F}.Development Editor|Win64.ActiveCfg = Development|Any CPU
		{3A0DDA25-A284-3FD9-AA96-49DD2C35099F}.Development Editor|Win64.Build.0 = Development|Any CPU
		{3A0DDA25-A284-3FD9-AA96-49DD2C35099F}.Development|Win64.ActiveCfg = Development|Any CPU
		{3A0DDA25-A284-3FD9-AA96-49DD2C35099F}.Development|Win64.Build.0 = Development|Any CPU
		{3A0DDA25-A284-3FD9-AA96-49DD2C35099F}.Shipping|Win64.ActiveCfg = Development|Any CPU
		{3A0DDA25-A284-3FD9-AA96-49DD2C35099F}.Shipping|Win64.Build.0 = Development|Any CPU
		{3BCF55B1-ADE6-3143-9DFC-B4F501FD8C46}.DebugGame Editor|Win64.ActiveCfg = Development|Any CPU
		{3BCF55B1-ADE6-3143-9DFC-B4F501FD8C46}.DebugGame Editor|Win64.Build.0 = Development|Any CPU
		{3BCF55B1-ADE6-3143-9DFC-B4F501FD8C46}.DebugGame|Win64.ActiveCfg = Development|Any CPU
		{3BCF55B1-ADE6-3143-9DFC-B4F501FD8C46}.DebugGame|Win64.Build.0 = Development|Any CPU
		{3BCF55B1-ADE6-3143-9DFC-B4F501FD8C46}.Development Editor|Win64.ActiveCfg = Development|Any CPU
		{3BCF55B1-ADE6-3143-9DFC-B4F501FD8C46}.Development Editor|Win64.Build.0 = Development|Any CPU
		{3BCF55B1-ADE6-3143-9DFC-B4F501FD8C46}.Development|Win64.ActiveCfg = Development|Any CPU
		{3BCF55B1-ADE6-3143-9DFC-B4F501FD8C46}.Development|Win64.Build.0 = Development|Any CPU
		{3BCF55B1-ADE6-3143-9DFC-B4F501FD8C46}.Shipping|Win64.ActiveCfg = Development|Any CPU
		{3BCF55B1-ADE6-3143-9DFC-B4F501FD8C46}.Shipping|Win64.Build.0 = Development|Any CPU
		{956ADEF9-95A0-34EE-9D81-DB05A3C3CA0E}.DebugGame Editor|Win64.ActiveCfg = Development|Any CPU
		{956ADEF9-95A0-34EE-9D81-DB05A3C3CA0E}.DebugGame Editor|Win64.Build.0 = Development|Any CPU
		{956ADEF9-95A0-34EE-9D81-DB05A3C3CA0E}.DebugGame|Win64.ActiveCfg = Development|Any CPU
		{956ADEF9-95A0-34EE-9D81-DB05A3C3CA0E}.DebugGame|Win64.Build.0 = Development|Any CPU
		{956ADEF9-95A0-34EE-9D81-DB05A3C3CA0E}.Development Editor|Win64.ActiveCfg = Development|Any CPU
		{956ADEF9-95A0-34EE-9D81-DB05A3C3CA0E}.Development Editor|Win64.Build.0 = Development|Any CPU
		{956ADEF9-95A0-34EE-9D81-DB05A3C3CA0E}.Development|Win64.ActiveCfg = Development|Any CPU
		{956ADEF9-95A0-34EE-9D81-DB05A3C3CA0E}.Development|Win64.Build.0 = Development|Any CPU
		{956ADEF9-95A0-34EE-9D81-DB05A3C3CA0E}.Shipping|Win64.ActiveCfg = Development|Any CPU
		{956ADEF9-95A0-34EE-9D81-DB05A3C3CA0E}.Shipping|Win64.Build.0 = Development|Any CPU
		{A7B41E92-56B7-3211-92B0-FC5B7A790CC6}.DebugGame Editor|Win64.ActiveCfg = Development|Any CPU
		{A7B41E92-56B7-3211-92B0-FC5B7A790CC6}.DebugGame Editor|Win64.Build.0 = Development|Any CPU
		{A7B41E92-56B7-3211-92B0-FC5B7A790CC6}.DebugGame|Win64.ActiveCfg = Development|Any CPU
		{A7B41E92-56B7-3211-92B0-FC5B7A790CC6}.DebugGame|Win64.Build.0 = Development|Any CPU
		{A7B41E92-56B7-3211-92B0-FC5B7A790CC6}.Development Editor|Win64.ActiveCfg = Development|Any CPU
		{A7B41E92-56B7-3211-92B0-FC5B7A790CC6}.Development Editor|Win64.Build.0 = Development|Any CPU
		{A7B41E92-56B7-3211-92B0-FC5B7A790CC6}.Development|Win64.ActiveCfg = Development|Any CPU
		{A7B41E92-56B7-3211-92B0-FC5B7A790CC6}.Development|Win64.Build.0 = Development|Any CPU
		{A7B41E92-56B7-3211-92B0-FC5B7A790CC6}.Shipping|Win64.ActiveCfg = Development|Any CPU
		{A7B41E92-56B7-3211-92B0-FC5B7A790CC6}.Shipping|Win64.Build.0 = Development|Any CPU
		{7695FB4E-9985-33A6-9EB8-0868E37F486B}.DebugGame Editor|Win64.ActiveCfg = Development|Any CPU
		{7695FB4E-9985-33A6-9EB8-0868E37F486B}.DebugGame Editor|Win64.Build.0 = Development|Any CPU
		{7695FB4E-9985-33A6-9EB8-0868E37F486B}.DebugGame|Win64.ActiveCfg = Development|Any CPU
		{7695FB4E-9985-33A6-9EB8-0868E37F486B}.DebugGame|Win64.Build.0 = Development|Any CPU
		{7695FB4E-9985-33A6-9EB8-0868E37F486B}.Development Editor|Win64.ActiveCfg = Development|Any CPU
		{7695FB4E-9985-33A6-9EB8-0868E37F486B}.Development Editor|Win64.Build.0 = Development|Any CPU
		{7695FB4E-9985-33A6-9EB8-0868E37F486B}.Development|Win64.ActiveCfg = Development|Any CPU
		{7695FB4E-9985-33A6-9EB8-0868E37F486B}.Development|Win64.Build.0 = Development|Any CPU
		{7695FB4E-9985-33A6-9EB8-0868E37F486B}.Shipping|Win64.ActiveCfg = Development|Any CPU
		{7695FB4E-9985-33A6-9EB8-0868E37F486B}.Shipping|Win64.Build.0 = Development|Any CPU
		{220896D0-FA77-3C6D-8B45-67DF6E6E6242}.DebugGame Editor|Win64.ActiveCfg = Development|Any CPU
		{220896D0-FA77-3C6D-8B45-67DF6E6E6242}.DebugGame Editor|Win64.Build.0 = Development|Any CPU
		{220896D0-FA77-3C6D-8B45-67DF6E6E6242}.DebugGame|Win64.ActiveCfg = Development|Any CPU
		{220896D0-FA77-3C6D-8B45-67DF6E6E6242}.DebugGame|Win64.Build.0 = Development|Any CPU
		{220896D0-FA77-3C6D-8B45-67DF6E6E6242}.Development Editor|Win64.ActiveCfg = Development|Any CPU
		{220896D0-FA77-3C6D-8B45-67DF6E6E6242}.Development Editor|Win64.Build.0 = Development|Any CPU
		{220896D0-FA77-3C6D-8B45-67DF6E6E6242}.Development|Win64.ActiveCfg = Development|Any CPU
		{220896D0-FA77-3C6D-8B45-67DF6E6E6242}.Development|Win64.Build.0 = Development|Any CPU
		{220896D0-FA77-3C6D-8B45-67DF6E6E6242}.Shipping|Win64.ActiveCfg = Development|Any CPU
		{220896D0-FA77-3C6D-8B45-67DF6E6E6242}.Shipping|Win64.Build.0 = Development|Any CPU
		{88AE2D70-215D-3CCD-8C73-4820014E48AF}.DebugGame Editor|Win64.ActiveCfg = Development|Any CPU
		{88AE2D70-215D-3CCD-8C73-4820014E48AF}.DebugGame Editor|Win64.Build.0 = Development|Any CPU
		{88AE2D70-215D-3CCD-8C73-4820014E48AF}.DebugGame|Win64.ActiveCfg = Development|Any CPU
		{88AE2D70-215D-3CCD-8C73-4820014E48AF}.DebugGame|Win64.Build.0 = Development|Any CPU
		{88AE2D70-215D-3CCD-8C73-4820014E48AF}.Development Editor|Win64.ActiveCfg = Development|Any CPU
		{88AE2D70-215D-3CCD-8C73-4820014E48AF}.Development Editor|Win64.Build.0 = Development|Any CPU
		{88AE2D70-215D-3CCD-8C73-4820014E48AF}.Development|Win64.ActiveCfg = Development|Any CPU
		{88AE2D70-215D-3CCD-8C73-4820014E48AF}.Development|Win64.Build.0 = Development|Any CPU
		{88AE2D70-215D-3CCD-8C73-4820014E48AF}.Shipping|Win64.ActiveCfg = Development|Any CPU
		{88AE2D70-215D-3CCD-8C73-4820014E48AF}.Shipping|Win64.Build.0 = Development|Any CPU
		{70E12B14-26E6-364D-AAB5-DC637C72349C}.DebugGame Editor|Win64.ActiveCfg = Development|Any CPU
		{70E12B14-26E6-364D-AAB5-DC637C72349C}.DebugGame Editor|Win64.Build.0 = Development|Any CPU
		{70E12B14-26E6-364D-AAB5-DC637C72349C}.DebugGame|Win64.ActiveCfg = Development|Any CPU
		{70E12B14-26E6-364D-AAB5-DC637C72349C}.DebugGame|Win64.Build.0 = Development|Any CPU
		{70E12B14-26E6-364D-AAB5-DC637C72349C}.Development Editor|Win64.ActiveCfg = Development|Any CPU
		{70E12B14-26E6-364D-AAB5-DC637C72349C}.Development Editor|Win64.Build.0 = Development|Any CPU
		{70E12B14-26E6-364D-AAB5-DC637C72349C}.Development|Win64.ActiveCfg = Development|Any CPU
		{70E12B14-26E6-364D-AAB5-DC637C72349C}.Development|Win64.Build.0 = Development|Any CPU
		{70E12B14-26E6-364D-AAB5-DC637C72349C}.Shipping|Win64.ActiveCfg = Development|Any CPU
		{70E12B14-26E6-364D-AAB5-DC637C72349C}.Shipping|Win64.Build.0 = Development|Any CPU
		{01AB8150-3707-3315-AD66-24EF6579B5C4}.DebugGame Editor|Win64.ActiveCfg = Development|Any CPU
		{01AB8150-3707-3315-AD66-24EF6579B5C4}.DebugGame Editor|Win64.Build.0 = Development|Any CPU
		{01AB8150-3707-3315-AD66-24EF6579B5C4}.DebugGame|Win64.ActiveCfg = Development|Any CPU
		{01AB8150-3707-3315-AD66-24EF6579B5C4}.DebugGame|Win64.Build.0 = Development|Any CPU
		{01AB8150-3707-3315-AD66-24EF6579B5C4}.Development Editor|Win64.ActiveCfg = Development|Any CPU
		{01AB8150-3707-3315-AD66-24EF6579B5C4}.Development Editor|Win64.Build.0 = Development|Any CPU
		{01AB8150-3707-3315-AD66-24EF6579B5C4}.Development|Win64.ActiveCfg = Development|Any CPU
		{01AB8150-3707-3315-AD66-24EF6579B5C4}.Development|Win64.Build.0 = Development|Any CPU
		{01AB8150-3707-3315-AD66-24EF6579B5C4}.Shipping|Win64.ActiveCfg = Development|Any CPU
		{01AB8150-3707-3315-AD66-24EF6579B5C4}.Shipping|Win64.Build.0 = Development|Any CPU
		{A6B3018A-531C-3F03-9456-33EC5DA48159}.DebugGame Editor|Win64.ActiveCfg = Development|Any CPU
		{A6B3018A-531C-3F03-9456-33EC5DA48159}.DebugGame Editor|Win64.Build.0 = Development|Any CPU
		{A6B3018A-531C-3F03-9456-33EC5DA48159}.DebugGame|Win64.ActiveCfg = Development|Any CPU
		{A6B3018A-531C-3F03-9456-33EC5DA48159}.DebugGame|Win64.Build.0 = Development|Any CPU
		{A6B3018A-531C-3F03-9456-33EC5DA48159}.Development Editor|Win64.ActiveCfg = Development|Any CPU
		{A6B3018A-531C-3F03-9456-33EC5DA48159}.Development Editor|Win64.Build.0 = Development|Any CPU
		{A6B3018A-531C-3F03-9456-33EC5DA48159}.Development|Win64.ActiveCfg = Development|Any CPU
		{A6B3018A-531C-3F03-9456-33EC5DA48159}.Development|Win64.Build.0 = Development|Any CPU
		{A6B3018A-531C-3F03-9456-33EC5DA48159}.Shipping|Win64.ActiveCfg = Development|Any CPU
		{A6B3018A-531C-3F03-9456-33EC5DA48159}.Shipping|Win64.Build.0 = Development|Any CPU
		{AC2CD365-DF23-362E-929B-E87A4ED51B5E}.DebugGame Editor|Win64.ActiveCfg = Development|Any CPU
		{AC2CD365-DF23-362E-929B-E87A4ED51B5E}.DebugGame Editor|Win64.Build.0 = Development|Any CPU
		{AC2CD365-DF23-362E-929B-E87A4ED51B5E}.DebugGame|Win64.ActiveCfg = Development|Any CPU
		{AC2CD365-DF23-362E-929B-E87A4ED51B5E}.DebugGame|Win64.Build.0 = Development|Any CPU
		{AC2CD365-DF23-362E-929B-E87A4ED51B5E}.Development Editor|Win64.ActiveCfg = Development|Any CPU
		{AC2CD365-DF23-362E-929B-E87A4ED51B5E}.Development Editor|Win64.Build.0 = Development|Any CPU
		{AC2CD365-DF23-362E-929B-E87A4ED51B5E}.Development|Win64.ActiveCfg = Development|Any CPU
		{AC2CD365-DF23-362E-929B-E87A4ED51B5E}.Development|Win64.Build.0 = Development|Any CPU
		{AC2CD365-DF23-362E-929B-E87A4ED51B5E}.Shipping|Win64.ActiveCfg = Development|Any CPU
		{AC2CD365-DF23-362E-929B-E87A4ED51B5E}.Shipping|Win64.Build.0 = Development|Any CPU
		{2221F1B6-F9A2-3DD2-817B-3A950B451AC1}.DebugGame Editor|Win64.ActiveCfg = Development|Any CPU
		{2221F1B6-F9A2-3DD2-817B-3A950B451AC1}.DebugGame Editor|Win64.Build.0 = Development|Any CPU
		{2221F1B6-F9A2-3DD2-817B-3A950B451AC1}.DebugGame|Win64.ActiveCfg = Development|Any CPU
		{2221F1B6-F9A2-3DD2-817B-3A950B451AC1}.DebugGame|Win64.Build.0 = Development|Any CPU
		{2221F1B6-F9A2-3DD2-817B-3A950B451AC1}.Development Editor|Win64.ActiveCfg = Development|Any CPU
		{2221F1B6-F9A2-3DD2-817B-3A950B451AC1}.Development Editor|Win64.Build.0 = Development|Any CPU
		{2221F1B6-F9A2-3DD2-817B-3A950B451AC1}.Development|Win64.ActiveCfg = Development|Any CPU
		{2221F1B6-F9A2-3DD2-817B-3A950B451AC1}.Development|Win64.Build.0 = Development|Any CPU
		{2221F1B6-F9A2-3DD2-817B-3A950B451AC1}.Shipping|Win64.ActiveCfg = Development|Any CPU
		{2221F1B6-F9A2-3DD2-817B-3A950B451AC1}.Shipping|Win64.Build.0 = Development|Any CPU
		{1E869420-F1DC-3FC4-95C3-B336FC2E4AE9}.DebugGame Editor|Win64.ActiveCfg = Development|Any CPU
		{1E869420-F1DC-3FC4-95C3-B336FC2E4AE9}.DebugGame Editor|Win64.Build.0 = Development|Any CPU
		{1E869420-F1DC-3FC4-95C3-B336FC2E4AE9}.DebugGame|Win64.ActiveCfg = Development|Any CPU
		{1E869420-F1DC-3FC4-95C3-B336FC2E4AE9}.DebugGame|Win64.Build.0 = Development|Any CPU
		{1E869420-F1DC-3FC4-95C3-B336FC2E4AE9}.Development Editor|Win64.ActiveCfg = Development|Any CPU
		{1E869420-F1DC-3FC4-95C3-B336FC2E4AE9}.Development Editor|Win64.Build.0 = Development|Any CPU
		{1E869420-F1DC-3FC4-95C3-B336FC2E4AE9}.Development|Win64.ActiveCfg = Development|Any CPU
		{1E869420-F1DC-3FC4-95C3-B336FC2E4AE9}.Development|Win64.Build.0 = Development|Any CPU
		{1E869420-F1DC-3FC4-95C3-B336FC2E4AE9}.Shipping|Win64.ActiveCfg = Development|Any CPU
		{1E869420-F1DC-3FC4-95C3-B336FC2E4AE9}.Shipping|Win64.Build.0 = Development|Any CPU
		{CC830B22-1398-3295-A04C-28704234457C}.DebugGame Editor|Win64.ActiveCfg = Development|Any CPU
		{CC830B22-1398-3295-A04C-28704234457C}.DebugGame Editor|Win64.Build.0 = Development|Any CPU
		{CC830B22-1398-3295-A04C-28704234457C}.DebugGame|Win64.ActiveCfg = Development|Any CPU
		{CC830B22-1398-3295-A04C-28704234457C}.DebugGame|Win64.Build.0 = Development|Any CPU
		{CC830B22-1398-3295-A04C-28704234457C}.Development Editor|Win64.ActiveCfg = Development|Any CPU
		{CC830B22-1398-3295-A04C-28704234457C}.Development Editor|Win64.Build.0 = Development|Any CPU
		{CC830B22-1398-3295-A04C-28704234457C}.Development|Win64.ActiveCfg = Development|Any CPU
		{CC830B22-1398-3295-A04C-28704234457C}.Development|Win64.Build.0 = Development|Any CPU
		{CC830B22-1398-3295-A04C-28704234457C}.Shipping|Win64.ActiveCfg = Development|Any CPU
		{CC830B22-1398-3295-A04C-28704234457C}.Shipping|Win64.Build.0 = Development|Any CPU
		{958C8EAF-52CB-3F22-83FF-71735F72F902}.DebugGame Editor|Win64.ActiveCfg = Development|Any CPU
		{958C8EAF-52CB-3F22-83FF-71735F72F902}.DebugGame Editor|Win64.Build.0 = Development|Any CPU
		{958C8EAF-52CB-3F22-83FF-71735F72F902}.DebugGame|Win64.ActiveCfg = Development|Any CPU
		{958C8EAF-52CB-3F22-83FF-71735F72F902}.DebugGame|Win64.Build.0 = Development|Any CPU
		{958C8EAF-52CB-3F22-83FF-71735F72F902}.Development Editor|Win64.ActiveCfg = Development|Any CPU
		{958C8EAF-52CB-3F22-83FF-71735F72F902}.Development Editor|Win64.Build.0 = Development|Any CPU
		{958C8EAF-52CB-3F22-83FF-71735F72F902}.Development|Win64.ActiveCfg = Development|Any CPU
		{958C8EAF-52CB-3F22-83FF-71735F72F902}.Development|Win64.Build.0 = Development|Any CPU
		{958C8EAF-52CB-3F22-83FF-71735F72F902}.Shipping|Win64.ActiveCfg = Development|Any CPU
		{958C8EAF-52CB-3F22-83FF-71735F72F902}.Shipping|Win64.Build.0 = Development|Any CPU
		{D13A60BD-AA28-37C7-AEBE-F31C0141A9B4}.DebugGame Editor|Win64.ActiveCfg = Development|Any CPU
		{D13A60BD-AA28-37C7-AEBE-F31C0141A9B4}.DebugGame Editor|Win64.Build.0 = Development|Any CPU
		{D13A60BD-AA28-37C7-AEBE-F31C0141A9B4}.DebugGame|Win64.ActiveCfg = Development|Any CPU
		{D13A60BD-AA28-37C7-AEBE-F31C0141A9B4}.DebugGame|Win64.Build.0 = Development|Any CPU
		{D13A60BD-AA28-37C7-AEBE-F31C0141A9B4}.Development Editor|Win64.ActiveCfg = Development|Any CPU
		{D13A60BD-AA28-37C7-AEBE-F31C0141A9B4}.Development Editor|Win64.Build.0 = Development|Any CPU
		{D13A60BD-AA28-37C7-AEBE-F31C0141A9B4}.Development|Win64.ActiveCfg = Development|Any CPU
		{D13A60BD-AA28-37C7-AEBE-F31C0141A9B4}.Development|Win64.Build.0 = Development|Any CPU
		{D13A60BD-AA28-37C7-AEBE-F31C0141A9B4}.Shipping|Win64.ActiveCfg = Development|Any CPU
		{D13A60BD-AA28-37C7-AEBE-F31C0141A9B4}.Shipping|Win64.Build.0 = Development|Any CPU
		{93985162-C9FA-3DE1-9E4C-AB475BEF1F8A}.DebugGame Editor|Win64.ActiveCfg = Development|Any CPU
		{93985162-C9FA-3DE1-9E4C-AB475BEF1F8A}.DebugGame Editor|Win64.Build.0 = Development|Any CPU
		{93985162-C9FA-3DE1-9E4C-AB475BEF1F8A}.DebugGame|Win64.ActiveCfg = Development|Any CPU
		{93985162-C9FA-3DE1-9E4C-AB475BEF1F8A}.DebugGame|Win64.Build.0 = Development|Any CPU
		{93985162-C9FA-3DE1-9E4C-AB475BEF1F8A}.Development Editor|Win64.ActiveCfg = Development|Any CPU
		{93985162-C9FA-3DE1-9E4C-AB475BEF1F8A}.Development Editor|Win64.Build.0 = Development|Any CPU
		{93985162-C9FA-3DE1-9E4C-AB475BEF1F8A}.Development|Win64.ActiveCfg = Development|Any CPU
		{93985162-C9FA-3DE1-9E4C-AB475BEF1F8A}.Development|Win64.Build.0 = Development|Any CPU
		{93985162-C9FA-3DE1-9E4C-AB475BEF1F8A}.Shipping|Win64.ActiveCfg = Development|Any CPU
		{93985162-C9FA-3DE1-9E4C-AB475BEF1F8A}.Shipping|Win64.Build.0 = Development|Any CPU
		{BDAF3A82-82EC-3EE3-9196-CEE8077CE00E}.DebugGame Editor|Win64.ActiveCfg = Development|Any CPU
		{BDAF3A82-82EC-3EE3-9196-CEE8077CE00E}.DebugGame Editor|Win64.Build.0 = Development|Any CPU
		{BDAF3A82-82EC-3EE3-9196-CEE8077CE00E}.DebugGame|Win64.ActiveCfg = Development|Any CPU
		{BDAF3A82-82EC-3EE3-9196-CEE8077CE00E}.DebugGame|Win64.Build.0 = Development|Any CPU
		{BDAF3A82-82EC-3EE3-9196-CEE8077CE00E}.Development Editor|Win64.ActiveCfg = Development|Any CPU
		{BDAF3A82-82EC-3EE3-9196-CEE8077CE00E}.Development Editor|Win64.Build.0 = Development|Any CPU
		{BDAF3A82-82EC-3EE3-9196-CEE8077CE00E}.Development|Win64.ActiveCfg = Development|Any CPU
		{BDAF3A82-82EC-3EE3-9196-CEE8077CE00E}.Development|Win64.Build.0 = Development|Any CPU
		{BDAF3A82-82EC-3EE3-9196-CEE8077CE00E}.Shipping|Win64.ActiveCfg = Development|Any CPU
		{BDAF3A82-82EC-3EE3-9196-CEE8077CE00E}.Shipping|Win64.Build.0 = Development|Any CPU
		{12AAA9D9-BCEC-32F2-B6FA-847E2BAB8609}.DebugGame Editor|Win64.ActiveCfg = Development|Any CPU
		{12AAA9D9-BCEC-32F2-B6FA-847E2BAB8609}.DebugGame Editor|Win64.Build.0 = Development|Any CPU
		{12AAA9D9-BCEC-32F2-B6FA-847E2BAB8609}.DebugGame|Win64.ActiveCfg = Development|Any CPU
		{12AAA9D9-BCEC-32F2-B6FA-847E2BAB8609}.DebugGame|Win64.Build.0 = Development|Any CPU
		{12AAA9D9-BCEC-32F2-B6FA-847E2BAB8609}.Development Editor|Win64.ActiveCfg = Development|Any CPU
		{12AAA9D9-BCEC-32F2-B6FA-847E2BAB8609}.Development Editor|Win64.Build.0 = Development|Any CPU
		{12AAA9D9-BCEC-32F2-B6FA-847E2BAB8609}.Development|Win64.ActiveCfg = Development|Any CPU
		{12AAA9D9-BCEC-32F2-B6FA-847E2BAB8609}.Development|Win64.Build.0 = Development|Any CPU
		{12AAA9D9-BCEC-32F2-B6FA-847E2BAB8609}.Shipping|Win64.ActiveCfg = Development|Any CPU
		{12AAA9D9-BCEC-32F2-B6FA-847E2BAB8609}.Shipping|Win64.Build.0 = Development|Any CPU
		{E7C354DB-6FA1-3A31-8D71-A14D2906FBF7}.DebugGame Editor|Win64.ActiveCfg = Development|Any CPU
		{E7C354DB-6FA1-3A31-8D71-A14D2906FBF7}.DebugGame Editor|Win64.Build.0 = Development|Any CPU
		{E7C354DB-6FA1-3A31-8D71-A14D2906FBF7}.DebugGame|Win64.ActiveCfg = Development|Any CPU
		{E7C354DB-6FA1-3A31-8D71-A14D2906FBF7}.DebugGame|Win64.Build.0 = Development|Any CPU
		{E7C354DB-6FA1-3A31-8D71-A14D2906FBF7}.Development Editor|Win64.ActiveCfg = Development|Any CPU
		{E7C354DB-6FA1-3A31-8D71-A14D2906FBF7}.Development Editor|Win64.Build.0 = Development|Any CPU
		{E7C354DB-6FA1-3A31-8D71-A14D2906FBF7}.Development|Win64.ActiveCfg = Development|Any CPU
		{E7C354DB-6FA1-3A31-8D71-A14D2906FBF7}.Development|Win64.Build.0 = Development|Any CPU
		{E7C354DB-6FA1-3A31-8D71-A14D2906FBF7}.Shipping|Win64.ActiveCfg = Development|Any CPU
		{E7C354DB-6FA1-3A31-8D71-A14D2906FBF7}.Shipping|Win64.Build.0 = Development|Any CPU
		{B73AB6CA-BDDB-3936-B94E-197F43CE03B0}.DebugGame Editor|Win64.ActiveCfg = Development|Any CPU
		{B73AB6CA-BDDB-3936-B94E-197F43CE03B0}.DebugGame Editor|Win64.Build.0 = Development|Any CPU
		{B73AB6CA-BDDB-3936-B94E-197F43CE03B0}.DebugGame|Win64.ActiveCfg = Development|Any CPU
		{B73AB6CA-BDDB-3936-B94E-197F43CE03B0}.DebugGame|Win64.Build.0 = Development|Any CPU
		{B73AB6CA-BDDB-3936-B94E-197F43CE03B0}.Development Editor|Win64.ActiveCfg = Development|Any CPU
		{B73AB6CA-BDDB-3936-B94E-197F43CE03B0}.Development Editor|Win64.Build.0 = Development|Any CPU
		{B73AB6CA-BDDB-3936-B94E-197F43CE03B0}.Development|Win64.ActiveCfg = Development|Any CPU
		{B73AB6CA-BDDB-3936-B94E-197F43CE03B0}.Development|Win64.Build.0 = Development|Any CPU
		{B73AB6CA-BDDB-3936-B94E-197F43CE03B0}.Shipping|Win64.ActiveCfg = Development|Any CPU
		{B73AB6CA-BDDB-3936-B94E-197F43CE03B0}.Shipping|Win64.Build.0 = Development|Any CPU
		{D8B90000-BC53-3D2D-856F-3F2F9972AAFA}.DebugGame Editor|Win64.ActiveCfg = Development|Any CPU
		{D8B90000-BC53-3D2D-856F-3F2F9972AAFA}.DebugGame Editor|Win64.Build.0 = Development|Any CPU
		{D8B90000-BC53-3D2D-856F-3F2F9972AAFA}.DebugGame|Win64.ActiveCfg = Development|Any CPU
		{D8B90000-BC53-3D2D-856F-3F2F9972AAFA}.DebugGame|Win64.Build.0 = Development|Any CPU
		{D8B90000-BC53-3D2D-856F-3F2F9972AAFA}.Development Editor|Win64.ActiveCfg = Development|Any CPU
		{D8B90000-BC53-3D2D-856F-3F2F9972AAFA}.Development Editor|Win64.Build.0 = Development|Any CPU
		{D8B90000-BC53-3D2D-856F-3F2F9972AAFA}.Development|Win64.ActiveCfg = Development|Any CPU
		{D8B90000-BC53-3D2D-856F-3F2F9972AAFA}.Development|Win64.Build.0 = Development|Any CPU
		{D8B90000-BC53-3D2D-856F-3F2F9972AAFA}.Shipping|Win64.ActiveCfg = Development|Any CPU
		{D8B90000-BC53-3D2D-856F-3F2F9972AAFA}.Shipping|Win64.Build.0 = Development|Any CPU
		{965701EF-81C4-3D77-B578-6419AADFCDA4}.DebugGame Editor|Win64.ActiveCfg = Development|Any CPU
		{965701EF-81C4-3D77-B578-6419AADFCDA4}.DebugGame Editor|Win64.Build.0 = Development|Any CPU
		{965701EF-81C4-3D77-B578-6419AADFCDA4}.DebugGame|Win64.ActiveCfg = Development|Any CPU
		{965701EF-81C4-3D77-B578-6419AADFCDA4}.DebugGame|Win64.Build.0 = Development|Any CPU
		{965701EF-81C4-3D77-B578-6419AADFCDA4}.Development Editor|Win64.ActiveCfg = Development|Any CPU
		{965701EF-81C4-3D77-B578-6419AADFCDA4}.Development Editor|Win64.Build.0 = Development|Any CPU
		{965701EF-81C4-3D77-B578-6419AADFCDA4}.Development|Win64.ActiveCfg = Development|Any CPU
		{965701EF-81C4-3D77-B578-6419AADFCDA4}.Development|Win64.Build.0 = Development|Any CPU
		{965701EF-81C4-3D77-B578-6419AADFCDA4}.Shipping|Win64.ActiveCfg = Development|Any CPU
		{965701EF-81C4-3D77-B578-6419AADFCDA4}.Shipping|Win64.Build.0 = Development|Any CPU
		{0372A383-78C7-367F-B12D-F2E0790567B2}.DebugGame Editor|Win64.ActiveCfg = Development|Any CPU
		{0372A383-78C7-367F-B12D-F2E0790567B2}.DebugGame Editor|Win64.Build.0 = Development|Any CPU
		{0372A383-78C7-367F-B12D-F2E0790567B2}.DebugGame|Win64.ActiveCfg = Development|Any CPU
		{0372A383-78C7-367F-B12D-F2E0790567B2}.DebugGame|Win64.Build.0 = Development|Any CPU
		{0372A383-78C7-367F-B12D-F2E0790567B2}.Development Editor|Win64.ActiveCfg = Development|Any CPU
		{0372A383-78C7-367F-B12D-F2E0790567B2}.Development Editor|Win64.Build.0 = Development|Any CPU
		{0372A383-78C7-367F-B12D-F2E0790567B2}.Development|Win64.ActiveCfg = Development|Any CPU
		{0372A383-78C7-367F-B12D-F2E0790567B2}.Development|Win64.Build.0 = Development|Any CPU
		{0372A383-78C7-367F-B12D-F2E0790567B2}.Shipping|Win64.ActiveCfg = Development|Any CPU
		{0372A383-78C7-367F-B12D-F2E0790567B2}.Shipping|Win64.Build.0 = Development|Any CPU
		{06C308F3-9901-3B7E-AFA5-F1EDE7ABE288}.DebugGame Editor|Win64.ActiveCfg = Development|Any CPU
		{06C308F3-9901-3B7E-AFA5-F1EDE7ABE288}.DebugGame Editor|Win64.Build.0 = Development|Any CPU
		{06C308F3-9901-3B7E-AFA5-F1EDE7ABE288}.DebugGame|Win64.ActiveCfg = Development|Any CPU
		{06C308F3-9901-3B7E-AFA5-F1EDE7ABE288}.DebugGame|Win64.Build.0 = Development|Any CPU
		{06C308F3-9901-3B7E-AFA5-F1EDE7ABE288}.Development Editor|Win64.ActiveCfg = Development|Any CPU
		{06C308F3-9901-3B7E-AFA5-F1EDE7ABE288}.Development Editor|Win64.Build.0 = Development|Any CPU
		{06C308F3-9901-3B7E-AFA5-F1EDE7ABE288}.Development|Win64.ActiveCfg = Development|Any CPU
		{06C308F3-9901-3B7E-AFA5-F1EDE7ABE288}.Development|Win64.Build.0 = Development|Any CPU
		{06C308F3-9901-3B7E-AFA5-F1EDE7ABE288}.Shipping|Win64.ActiveCfg = Development|Any CPU
		{06C308F3-9901-3B7E-AFA5-F1EDE7ABE288}.Shipping|Win64.Build.0 = Development|Any CPU
		{A1CCE68F-95D5-3E73-9903-62FBE0899CBF}.DebugGame Editor|Win64.ActiveCfg = Development|Any CPU
		{A1CCE68F-95D5-3E73-9903-62FBE0899CBF}.DebugGame Editor|Win64.Build.0 = Development|Any CPU
		{A1CCE68F-95D5-3E73-9903-62FBE0899CBF}.DebugGame|Win64.ActiveCfg = Development|Any CPU
		{A1CCE68F-95D5-3E73-9903-62FBE0899CBF}.DebugGame|Win64.Build.0 = Development|Any CPU
		{A1CCE68F-95D5-3E73-9903-62FBE0899CBF}.Development Editor|Win64.ActiveCfg = Development|Any CPU
		{A1CCE68F-95D5-3E73-9903-62FBE0899CBF}.Development Editor|Win64.Build.0 = Development|Any CPU
		{A1CCE68F-95D5-3E73-9903-62FBE0899CBF}.Development|Win64.ActiveCfg = Development|Any CPU
		{A1CCE68F-95D5-3E73-9903-62FBE0899CBF}.Development|Win64.Build.0 = Development|Any CPU
		{A1CCE68F-95D5-3E73-9903-62FBE0899CBF}.Shipping|Win64.ActiveCfg = Development|Any CPU
		{A1CCE68F-95D5-3E73-9903-62FBE0899CBF}.Shipping|Win64.Build.0 = Development|Any CPU
		{EF9D1F5C-FB5D-3A0A-9404-8B9C107183F7}.DebugGame Editor|Win64.ActiveCfg = Development|Any CPU
		{EF9D1F5C-FB5D-3A0A-9404-8B9C107183F7}.DebugGame Editor|Win64.Build.0 = Development|Any CPU
		{EF9D1F5C-FB5D-3A0A-9404-8B9C107183F7}.DebugGame|Win64.ActiveCfg = Development|Any CPU
		{EF9D1F5C-FB5D-3A0A-9404-8B9C107183F7}.DebugGame|Win64.Build.0 = Development|Any CPU
		{EF9D1F5C-FB5D-3A0A-9404-8B9C107183F7}.Development Editor|Win64.ActiveCfg = Development|Any CPU
		{EF9D1F5C-FB5D-3A0A-9404-8B9C107183F7}.Development Editor|Win64.Build.0 = Development|Any CPU
		{EF9D1F5C-FB5D-3A0A-9404-8B9C107183F7}.Development|Win64.ActiveCfg = Development|Any CPU
		{EF9D1F5C-FB5D-3A0A-9404-8B9C107183F7}.Development|Win64.Build.0 = Development|Any CPU
		{EF9D1F5C-FB5D-3A0A-9404-8B9C107183F7}.Shipping|Win64.ActiveCfg = Development|Any CPU
		{EF9D1F5C-FB5D-3A0A-9404-8B9C107183F7}.Shipping|Win64.Build.0 = Development|Any CPU
	EndGlobalSection
	GlobalSection(SolutionProperties) = preSolution
		HideSolutionNode = FALSE
	EndGlobalSection
	GlobalSection(NestedProjects) = preSolution
		{CD41A781-68D2-3C12-A502-025F7EBD0338} = {233774A8-CC9D-3FA9-86D1-90573E92B704}
		{647BD9F3-5001-31CF-AD85-2C50A31A745B} = {DE1F8B53-6C02-3C13-9101-A7C8D96F3FF6}
		{C887AE02-9419-3204-9E34-A39D1CB33835} = {A338B9E2-A559-34BE-A46D-F789DD488FAD}
		{489A30B2-6799-3398-9751-DE8168677458} = {A338B9E2-A559-34BE-A46D-F789DD488FAD}
		{0BFBE63A-B98A-3411-8EEB-8918FEC737B3} = {A338B9E2-A559-34BE-A46D-F789DD488FAD}
		{7B5CFB44-F0FB-31DF-AE62-C3C096A29A7B} = {A338B9E2-A559-34BE-A46D-F789DD488FAD}
		{57713676-9DBE-331C-AD10-26632AC9EE0C} = {A338B9E2-A559-34BE-A46D-F789DD488FAD}
		{23840F3D-EB41-3FA7-AD09-D756B8749E76} = {0BFBE63A-B98A-3411-8EEB-8918FEC737B3}
		{BE6BBB29-A0D3-33D3-92D0-2D5360128067} = {0BFBE63A-B98A-3411-8EEB-8918FEC737B3}
		{6EA0509E-51FC-39E9-A718-D839C5D46DDB} = {0BFBE63A-B98A-3411-8EEB-8918FEC737B3}
		{7A036C4B-C253-3D19-98E3-B5655C3CC6F9} = {0BFBE63A-B98A-3411-8EEB-8918FEC737B3}
		{C5D35660-C8FC-3155-B8B0-F4038943BB37} = {0BFBE63A-B98A-3411-8EEB-8918FEC737B3}
		{8A8FD5E5-6415-3B0E-993D-5D90353495D3} = {0BFBE63A-B98A-3411-8EEB-8918FEC737B3}
		{29AAEA50-9CBE-355F-8F0B-4D39B6044565} = {0BFBE63A-B98A-3411-8EEB-8918FEC737B3}
		{3ACF9AEF-806E-3DF0-893F-A50DFE4E650C} = {0BFBE63A-B98A-3411-8EEB-8918FEC737B3}
		{46BAB084-0AD4-3843-A0FB-AF64D864D52F} = {0BFBE63A-B98A-3411-8EEB-8918FEC737B3}
		{A3997BC2-D656-3496-86A8-675655A00974} = {0BFBE63A-B98A-3411-8EEB-8918FEC737B3}
		{93700920-D2A9-3F4A-94FC-7AB228B93EFF} = {0BFBE63A-B98A-3411-8EEB-8918FEC737B3}
		{A91E7737-E067-3348-BE4B-3B124D82BE61} = {0BFBE63A-B98A-3411-8EEB-8918FEC737B3}
		{3933DC33-F9DB-33E1-9607-8435D49A82A5} = {0BFBE63A-B98A-3411-8EEB-8918FEC737B3}
		{DE789F61-E544-3BAF-B807-B0DC9E1E85FD} = {0BFBE63A-B98A-3411-8EEB-8918FEC737B3}
		{E4A6119E-165C-3BAE-9ECD-30D74FCD9A2C} = {0BFBE63A-B98A-3411-8EEB-8918FEC737B3}
		{9F6E2A28-5602-3C82-BBED-191D47781FA5} = {0BFBE63A-B98A-3411-8EEB-8918FEC737B3}
		{3646FF2D-4790-3AE7-86BB-921872E3C364} = {0BFBE63A-B98A-3411-8EEB-8918FEC737B3}
		{3829E674-6F80-3797-A4A8-2B35BEE859D5} = {0BFBE63A-B98A-3411-8EEB-8918FEC737B3}
		{3A0DDA25-A284-3FD9-AA96-49DD2C35099F} = {0BFBE63A-B98A-3411-8EEB-8918FEC737B3}
		{3BCF55B1-ADE6-3143-9DFC-B4F501FD8C46} = {0BFBE63A-B98A-3411-8EEB-8918FEC737B3}
		{956ADEF9-95A0-34EE-9D81-DB05A3C3CA0E} = {7B5CFB44-F0FB-31DF-AE62-C3C096A29A7B}
		{A7B41E92-56B7-3211-92B0-FC5B7A790CC6} = {57713676-9DBE-331C-AD10-26632AC9EE0C}
		{7695FB4E-9985-33A6-9EB8-0868E37F486B} = {57713676-9DBE-331C-AD10-26632AC9EE0C}
		{220896D0-FA77-3C6D-8B45-67DF6E6E6242} = {57713676-9DBE-331C-AD10-26632AC9EE0C}
		{88AE2D70-215D-3CCD-8C73-4820014E48AF} = {57713676-9DBE-331C-AD10-26632AC9EE0C}
		{70E12B14-26E6-364D-AAB5-DC637C72349C} = {57713676-9DBE-331C-AD10-26632AC9EE0C}
		{01AB8150-3707-3315-AD66-24EF6579B5C4} = {57713676-9DBE-331C-AD10-26632AC9EE0C}
		{A6B3018A-531C-3F03-9456-33EC5DA48159} = {57713676-9DBE-331C-AD10-26632AC9EE0C}
		{AC2CD365-DF23-362E-929B-E87A4ED51B5E} = {57713676-9DBE-331C-AD10-26632AC9EE0C}
		{2221F1B6-F9A2-3DD2-817B-3A950B451AC1} = {57713676-9DBE-331C-AD10-26632AC9EE0C}
		{1E869420-F1DC-3FC4-95C3-B336FC2E4AE9} = {57713676-9DBE-331C-AD10-26632AC9EE0C}
		{CC830B22-1398-3295-A04C-28704234457C} = {57713676-9DBE-331C-AD10-26632AC9EE0C}
		{958C8EAF-52CB-3F22-83FF-71735F72F902} = {57713676-9DBE-331C-AD10-26632AC9EE0C}
		{D13A60BD-AA28-37C7-AEBE-F31C0141A9B4} = {57713676-9DBE-331C-AD10-26632AC9EE0C}
		{93985162-C9FA-3DE1-9E4C-AB475BEF1F8A} = {57713676-9DBE-331C-AD10-26632AC9EE0C}
		{BDAF3A82-82EC-3EE3-9196-CEE8077CE00E} = {57713676-9DBE-331C-AD10-26632AC9EE0C}
		{12AAA9D9-BCEC-32F2-B6FA-847E2BAB8609} = {57713676-9DBE-331C-AD10-26632AC9EE0C}
		{E7C354DB-6FA1-3A31-8D71-A14D2906FBF7} = {57713676-9DBE-331C-AD10-26632AC9EE0C}
		{B73AB6CA-BDDB-3936-B94E-197F43CE03B0} = {57713676-9DBE-331C-AD10-26632AC9EE0C}
		{D8B90000-BC53-3D2D-856F-3F2F9972AAFA} = {57713676-9DBE-331C-AD10-26632AC9EE0C}
		{965701EF-81C4-3D77-B578-6419AADFCDA4} = {57713676-9DBE-331C-AD10-26632AC9EE0C}
		{0372A383-78C7-367F-B12D-F2E0790567B2} = {C2F57ECE-B26F-39D8-BDA7-C1D40BD8F180}
		{06C308F3-9901-3B7E-AFA5-F1EDE7ABE288} = {C2F57ECE-B26F-39D8-BDA7-C1D40BD8F180}
		{A1CCE68F-95D5-3E73-9903-62FBE0899CBF} = {C2F57ECE-B26F-39D8-BDA7-C1D40BD8F180}
		{EF9D1F5C-FB5D-3A0A-9404-8B9C107183F7} = {C2F57ECE-B26F-39D8-BDA7-C1D40BD8F180}
	EndGlobalSection
EndGlobal
